
Microsoft Visual Studio Solution File, Format Version 12.00
# Visual Studio Version 17
VisualStudioVersion = 17.7.34024.191
MinimumVisualStudioVersion = 10.0.40219.1
Project("{FAE04EC0-301F-11D3-BF4B-00C04F79EFBC}") = "Fordelingshatten", "Fordelingshatten.csproj", "{B4E64C1E-4581-4CDE-821E-3021A6F5C8A4}"
EndProject
Global
	GlobalSection(SolutionConfigurationPlatforms) = preSolution
		Debug|Any CPU = Debug|Any CPU
		Release|Any CPU = Release|Any CPU
	EndGlobalSection
	GlobalSection(ProjectConfigurationPlatforms) = postSolution
		{B4E64C1E-4581-4CDE-821E-3021A6F5C8A4}.Debug|Any CPU.ActiveCfg = Debug|Any CPU
		{B4E64C1E-4581-4CDE-821E-3021A6F5C8A4}.Debug|Any CPU.Build.0 = Debug|Any CPU
		{B4E64C1E-4581-4CDE-821E-3021A6F5C8A4}.Release|Any CPU.ActiveCfg = Release|Any CPU
		{B4E64C1E-4581-4CDE-821E-3021A6F5C8A4}.Release|Any CPU.Build.0 = Release|Any CPU
	EndGlobalSection
	GlobalSection(SolutionProperties) = preSolution
		HideSolutionNode = FALSE
	EndGlobalSection
	GlobalSection(ExtensibilityGlobals) = postSolution
		SolutionGuid = {7D3E16CC-2BB6-4C22-BAB0-C0EEDC1A45ED}
	EndGlobalSection
EndGlobal
